
Microsoft Visual Studio Solution File, Format Version 12.00
# Visual Studio Version 17
VisualStudioVersion = 17.0.31903.59
MinimumVisualStudioVersion = 10.0.40219.1
Project("{2150E333-8FDC-42A3-9474-1A3956D46DE8}") = "src", "src", "{827E0CD3-B72D-47B6-A68D-7590B98EB39B}"
EndProject
Project("{FAE04EC0-301F-11D3-BF4B-00C04F79EFBC}") = "ApiGateway", "src\ApiGateway\ApiGateway.csproj", "{7ABE756B-22D2-426D-BF9D-9BAC1C68C0A7}"
EndProject
Project("{2150E333-8FDC-42A3-9474-1A3956D46DE8}") = "ServicoVendas", "ServicoVendas", "{3F05085B-CBE6-54A4-B04D-4ED546E5F2A2}"
EndProject
Project("{FAE04EC0-301F-11D3-BF4B-00C04F79EFBC}") = "Vendas.Api", "src\ServicoVendas\Vendas.Api\Vendas.Api.csproj", "{9EBA6927-53E0-445E-BC07-11ED4E6703F3}"
EndProject
Project("{FAE04EC0-301F-11D3-BF4B-00C04F79EFBC}") = "Vendas.Application", "src\ServicoVendas\Vendas.Application\Vendas.Application.csproj", "{1BF86ABB-EABF-4955-95C4-538CE91A2539}"
EndProject
Project("{FAE04EC0-301F-11D3-BF4B-00C04F79EFBC}") = "Vendas.Domain", "src\ServicoVendas\Vendas.Domain\Vendas.Domain.csproj", "{F1A56FAD-4BDD-4F9A-9F75-D55E02F2703A}"
EndProject
Project("{FAE04EC0-301F-11D3-BF4B-00C04F79EFBC}") = "Vendas.Infrastructure", "src\ServicoVendas\Vendas.Infrastructure\Vendas.Infrastructure.csproj", "{6271D3D7-2F5F-48AB-BFB6-CC4A948DC055}"
EndProject
Project("{2150E333-8FDC-42A3-9474-1A3956D46DE8}") = "ServicoEstoque", "ServicoEstoque", "{C9A6CD60-FB4B-4A32-8F31-63B6FB3B4837}"
EndProject
Project("{FAE04EC0-301F-11D3-BF4B-00C04F79EFBC}") = "Estoque.Api", "src\ServicoEstoque\Estoque.Api\Estoque.Api.csproj", "{E01D8CD8-D05F-4809-A266-B1EB046CC523}"
EndProject
Project("{FAE04EC0-301F-11D3-BF4B-00C04F79EFBC}") = "Estoque.Application", "src\ServicoEstoque\Estoque.Application\Estoque.Application.csproj", "{1A022386-3B5E-4BDB-BB22-1ADF869E054B}"
EndProject
Project("{FAE04EC0-301F-11D3-BF4B-00C04F79EFBC}") = "Estoque.Domain", "src\ServicoEstoque\Estoque.Domain\Estoque.Domain.csproj", "{0EE0122A-8F3D-4F8A-B9B1-A22766E7FF41}"
EndProject
Project("{FAE04EC0-301F-11D3-BF4B-00C04F79EFBC}") = "Estoque.Infrastructure", "src\ServicoEstoque\Estoque.Infrastructure\Estoque.Infrastructure.csproj", "{04455A7F-B78B-40E1-B9F4-2FF27306646C}"
EndProject
Global
	GlobalSection(SolutionConfigurationPlatforms) = preSolution
		Debug|Any CPU = Debug|Any CPU
		Debug|x64 = Debug|x64
		Debug|x86 = Debug|x86
		Release|Any CPU = Release|Any CPU
		Release|x64 = Release|x64
		Release|x86 = Release|x86
	EndGlobalSection
	GlobalSection(ProjectConfigurationPlatforms) = postSolution
		{7ABE756B-22D2-426D-BF9D-9BAC1C68C0A7}.Debug|Any CPU.ActiveCfg = Debug|Any CPU
		{7ABE756B-22D2-426D-BF9D-9BAC1C68C0A7}.Debug|Any CPU.Build.0 = Debug|Any CPU
		{7ABE756B-22D2-426D-BF9D-9BAC1C68C0A7}.Debug|x64.ActiveCfg = Debug|Any CPU
		{7ABE756B-22D2-426D-BF9D-9BAC1C68C0A7}.Debug|x64.Build.0 = Debug|Any CPU
		{7ABE756B-22D2-426D-BF9D-9BAC1C68C0A7}.Debug|x86.ActiveCfg = Debug|Any CPU
		{7ABE756B-22D2-426D-BF9D-9BAC1C68C0A7}.Debug|x86.Build.0 = Debug|Any CPU
		{7ABE756B-22D2-426D-BF9D-9BAC1C68C0A7}.Release|Any CPU.ActiveCfg = Release|Any CPU
		{7ABE756B-22D2-426D-BF9D-9BAC1C68C0A7}.Release|Any CPU.Build.0 = Release|Any CPU
		{7ABE756B-22D2-426D-BF9D-9BAC1C68C0A7}.Release|x64.ActiveCfg = Release|Any CPU
		{7ABE756B-22D2-426D-BF9D-9BAC1C68C0A7}.Release|x64.Build.0 = Release|Any CPU
		{7ABE756B-22D2-426D-BF9D-9BAC1C68C0A7}.Release|x86.ActiveCfg = Release|Any CPU
		{7ABE756B-22D2-426D-BF9D-9BAC1C68C0A7}.Release|x86.Build.0 = Release|Any CPU
		{9EBA6927-53E0-445E-BC07-11ED4E6703F3}.Debug|Any CPU.ActiveCfg = Debug|Any CPU
		{9EBA6927-53E0-445E-BC07-11ED4E6703F3}.Debug|Any CPU.Build.0 = Debug|Any CPU
		{9EBA6927-53E0-445E-BC07-11ED4E6703F3}.Debug|x64.ActiveCfg = Debug|Any CPU
		{9EBA6927-53E0-445E-BC07-11ED4E6703F3}.Debug|x64.Build.0 = Debug|Any CPU
		{9EBA6927-53E0-445E-BC07-11ED4E6703F3}.Debug|x86.ActiveCfg = Debug|Any CPU
		{9EBA6927-53E0-445E-BC07-11ED4E6703F3}.Debug|x86.Build.0 = Debug|Any CPU
		{9EBA6927-53E0-445E-BC07-11ED4E6703F3}.Release|Any CPU.ActiveCfg = Release|Any CPU
		{9EBA6927-53E0-445E-BC07-11ED4E6703F3}.Release|Any CPU.Build.0 = Release|Any CPU
		{9EBA6927-53E0-445E-BC07-11ED4E6703F3}.Release|x64.ActiveCfg = Release|Any CPU
		{9EBA6927-53E0-445E-BC07-11ED4E6703F3}.Release|x64.Build.0 = Release|Any CPU
		{9EBA6927-53E0-445E-BC07-11ED4E6703F3}.Release|x86.ActiveCfg = Release|Any CPU
		{9EBA6927-53E0-445E-BC07-11ED4E6703F3}.Release|x86.Build.0 = Release|Any CPU
		{1BF86ABB-EABF-4955-95C4-538CE91A2539}.Debug|Any CPU.ActiveCfg = Debug|Any CPU
		{1BF86ABB-EABF-4955-95C4-538CE91A2539}.Debug|Any CPU.Build.0 = Debug|Any CPU
		{1BF86ABB-EABF-4955-95C4-538CE91A2539}.Debug|x64.ActiveCfg = Debug|Any CPU
		{1BF86ABB-EABF-4955-95C4-538CE91A2539}.Debug|x64.Build.0 = Debug|Any CPU
		{1BF86ABB-EABF-4955-95C4-538CE91A2539}.Debug|x86.ActiveCfg = Debug|Any CPU
		{1BF86ABB-EABF-4955-95C4-538CE91A2539}.Debug|x86.Build.0 = Debug|Any CPU
		{1BF86ABB-EABF-4955-95C4-538CE91A2539}.Release|Any CPU.ActiveCfg = Release|Any CPU
		{1BF86ABB-EABF-4955-95C4-538CE91A2539}.Release|Any CPU.Build.0 = Release|Any CPU
		{1BF86ABB-EABF-4955-95C4-538CE91A2539}.Release|x64.ActiveCfg = Release|Any CPU
		{1BF86ABB-EABF-4955-95C4-538CE91A2539}.Release|x64.Build.0 = Release|Any CPU
		{1BF86ABB-EABF-4955-95C4-538CE91A2539}.Release|x86.ActiveCfg = Release|Any CPU
		{1BF86ABB-EABF-4955-95C4-538CE91A2539}.Release|x86.Build.0 = Release|Any CPU
		{F1A56FAD-4BDD-4F9A-9F75-D55E02F2703A}.Debug|Any CPU.ActiveCfg = Debug|Any CPU
		{F1A56FAD-4BDD-4F9A-9F75-D55E02F2703A}.Debug|Any CPU.Build.0 = Debug|Any CPU
		{F1A56FAD-4BDD-4F9A-9F75-D55E02F2703A}.Debug|x64.ActiveCfg = Debug|Any CPU
		{F1A56FAD-4BDD-4F9A-9F75-D55E02F2703A}.Debug|x64.Build.0 = Debug|Any CPU
		{F1A56FAD-4BDD-4F9A-9F75-D55E02F2703A}.Debug|x86.ActiveCfg = Debug|Any CPU
		{F1A56FAD-4BDD-4F9A-9F75-D55E02F2703A}.Debug|x86.Build.0 = Debug|Any CPU
		{F1A56FAD-4BDD-4F9A-9F75-D55E02F2703A}.Release|Any CPU.ActiveCfg = Release|Any CPU
		{F1A56FAD-4BDD-4F9A-9F75-D55E02F2703A}.Release|Any CPU.Build.0 = Release|Any CPU
		{F1A56FAD-4BDD-4F9A-9F75-D55E02F2703A}.Release|x64.ActiveCfg = Release|Any CPU
		{F1A56FAD-4BDD-4F9A-9F75-D55E02F2703A}.Release|x64.Build.0 = Release|Any CPU
		{F1A56FAD-4BDD-4F9A-9F75-D55E02F2703A}.Release|x86.ActiveCfg = Release|Any CPU
		{F1A56FAD-4BDD-4F9A-9F75-D55E02F2703A}.Release|x86.Build.0 = Release|Any CPU
		{6271D3D7-2F5F-48AB-BFB6-CC4A948DC055}.Debug|Any CPU.ActiveCfg = Debug|Any CPU
		{6271D3D7-2F5F-48AB-BFB6-CC4A948DC055}.Debug|Any CPU.Build.0 = Debug|Any CPU
		{6271D3D7-2F5F-48AB-BFB6-CC4A948DC055}.Debug|x64.ActiveCfg = Debug|Any CPU
		{6271D3D7-2F5F-48AB-BFB6-CC4A948DC055}.Debug|x64.Build.0 = Debug|Any CPU
		{6271D3D7-2F5F-48AB-BFB6-CC4A948DC055}.Debug|x86.ActiveCfg = Debug|Any CPU
		{6271D3D7-2F5F-48AB-BFB6-CC4A948DC055}.Debug|x86.Build.0 = Debug|Any CPU
		{6271D3D7-2F5F-48AB-BFB6-CC4A948DC055}.Release|Any CPU.ActiveCfg = Release|Any CPU
		{6271D3D7-2F5F-48AB-BFB6-CC4A948DC055}.Release|Any CPU.Build.0 = Release|Any CPU
		{6271D3D7-2F5F-48AB-BFB6-CC4A948DC055}.Release|x64.ActiveCfg = Release|Any CPU
		{6271D3D7-2F5F-48AB-BFB6-CC4A948DC055}.Release|x64.Build.0 = Release|Any CPU
		{6271D3D7-2F5F-48AB-BFB6-CC4A948DC055}.Release|x86.ActiveCfg = Release|Any CPU
		{6271D3D7-2F5F-48AB-BFB6-CC4A948DC055}.Release|x86.Build.0 = Release|Any CPU
		{E01D8CD8-D05F-4809-A266-B1EB046CC523}.Debug|Any CPU.ActiveCfg = Debug|Any CPU
		{E01D8CD8-D05F-4809-A266-B1EB046CC523}.Debug|Any CPU.Build.0 = Debug|Any CPU
		{E01D8CD8-D05F-4809-A266-B1EB046CC523}.Debug|x64.ActiveCfg = Debug|Any CPU
		{E01D8CD8-D05F-4809-A266-B1EB046CC523}.Debug|x64.Build.0 = Debug|Any CPU
		{E01D8CD8-D05F-4809-A266-B1EB046CC523}.Debug|x86.ActiveCfg = Debug|Any CPU
		{E01D8CD8-D05F-4809-A266-B1EB046CC523}.Debug|x86.Build.0 = Debug|Any CPU
		{E01D8CD8-D05F-4809-A266-B1EB046CC523}.Release|Any CPU.ActiveCfg = Release|Any CPU
		{E01D8CD8-D05F-4809-A266-B1EB046CC523}.Release|Any CPU.Build.0 = Release|Any CPU
		{E01D8CD8-D05F-4809-A266-B1EB046CC523}.Release|x64.ActiveCfg = Release|Any CPU
		{E01D8CD8-D05F-4809-A266-B1EB046CC523}.Release|x64.Build.0 = Release|Any CPU
		{E01D8CD8-D05F-4809-A266-B1EB046CC523}.Release|x86.ActiveCfg = Release|Any CPU
		{E01D8CD8-D05F-4809-A266-B1EB046CC523}.Release|x86.Build.0 = Release|Any CPU
		{1A022386-3B5E-4BDB-BB22-1ADF869E054B}.Debug|Any CPU.ActiveCfg = Debug|Any CPU
		{1A022386-3B5E-4BDB-BB22-1ADF869E054B}.Debug|Any CPU.Build.0 = Debug|Any CPU
		{1A022386-3B5E-4BDB-BB22-1ADF869E054B}.Debug|x64.ActiveCfg = Debug|Any CPU
		{1A022386-3B5E-4BDB-BB22-1ADF869E054B}.Debug|x64.Build.0 = Debug|Any CPU
		{1A022386-3B5E-4BDB-BB22-1ADF869E054B}.Debug|x86.ActiveCfg = Debug|Any CPU
		{1A022386-3B5E-4BDB-BB22-1ADF869E054B}.Debug|x86.Build.0 = Debug|Any CPU
		{1A022386-3B5E-4BDB-BB22-1ADF869E054B}.Release|Any CPU.ActiveCfg = Release|Any CPU
		{1A022386-3B5E-4BDB-BB22-1ADF869E054B}.Release|Any CPU.Build.0 = Release|Any CPU
		{1A022386-3B5E-4BDB-BB22-1ADF869E054B}.Release|x64.ActiveCfg = Release|Any CPU
		{1A022386-3B5E-4BDB-BB22-1ADF869E054B}.Release|x64.Build.0 = Release|Any CPU
		{1A022386-3B5E-4BDB-BB22-1ADF869E054B}.Release|x86.ActiveCfg = Release|Any CPU
		{1A022386-3B5E-4BDB-BB22-1ADF869E054B}.Release|x86.Build.0 = Release|Any CPU
		{0EE0122A-8F3D-4F8A-B9B1-A22766E7FF41}.Debug|Any CPU.ActiveCfg = Debug|Any CPU
		{0EE0122A-8F3D-4F8A-B9B1-A22766E7FF41}.Debug|Any CPU.Build.0 = Debug|Any CPU
		{0EE0122A-8F3D-4F8A-B9B1-A22766E7FF41}.Debug|x64.ActiveCfg = Debug|Any CPU
		{0EE0122A-8F3D-4F8A-B9B1-A22766E7FF41}.Debug|x64.Build.0 = Debug|Any CPU
		{0EE0122A-8F3D-4F8A-B9B1-A22766E7FF41}.Debug|x86.ActiveCfg = Debug|Any CPU
		{0EE0122A-8F3D-4F8A-B9B1-A22766E7FF41}.Debug|x86.Build.0 = Debug|Any CPU
		{0EE0122A-8F3D-4F8A-B9B1-A22766E7FF41}.Release|Any CPU.ActiveCfg = Release|Any CPU
		{0EE0122A-8F3D-4F8A-B9B1-A22766E7FF41}.Release|Any CPU.Build.0 = Release|Any CPU
		{0EE0122A-8F3D-4F8A-B9B1-A22766E7FF41}.Release|x64.ActiveCfg = Release|Any CPU
		{0EE0122A-8F3D-4F8A-B9B1-A22766E7FF41}.Release|x64.Build.0 = Release|Any CPU
		{0EE0122A-8F3D-4F8A-B9B1-A22766E7FF41}.Release|x86.ActiveCfg = Release|Any CPU
		{0EE0122A-8F3D-4F8A-B9B1-A22766E7FF41}.Release|x86.Build.0 = Release|Any CPU
		{04455A7F-B78B-40E1-B9F4-2FF27306646C}.Debug|Any CPU.ActiveCfg = Debug|Any CPU
		{04455A7F-B78B-40E1-B9F4-2FF27306646C}.Debug|Any CPU.Build.0 = Debug|Any CPU
		{04455A7F-B78B-40E1-B9F4-2FF27306646C}.Debug|x64.ActiveCfg = Debug|Any CPU
		{04455A7F-B78B-40E1-B9F4-2FF27306646C}.Debug|x64.Build.0 = Debug|Any CPU
		{04455A7F-B78B-40E1-B9F4-2FF27306646C}.Debug|x86.ActiveCfg = Debug|Any CPU
		{04455A7F-B78B-40E1-B9F4-2FF27306646C}.Debug|x86.Build.0 = Debug|Any CPU
		{04455A7F-B78B-40E1-B9F4-2FF27306646C}.Release|Any CPU.ActiveCfg = Release|Any CPU
		{04455A7F-B78B-40E1-B9F4-2FF27306646C}.Release|Any CPU.Build.0 = Release|Any CPU
		{04455A7F-B78B-40E1-B9F4-2FF27306646C}.Release|x64.ActiveCfg = Release|Any CPU
		{04455A7F-B78B-40E1-B9F4-2FF27306646C}.Release|x64.Build.0 = Release|Any CPU
		{04455A7F-B78B-40E1-B9F4-2FF27306646C}.Release|x86.ActiveCfg = Release|Any CPU
		{04455A7F-B78B-40E1-B9F4-2FF27306646C}.Release|x86.Build.0 = Release|Any CPU
	EndGlobalSection
	GlobalSection(SolutionProperties) = preSolution
		HideSolutionNode = FALSE
	EndGlobalSection
	GlobalSection(NestedProjects) = preSolution
		{7ABE756B-22D2-426D-BF9D-9BAC1C68C0A7} = {827E0CD3-B72D-47B6-A68D-7590B98EB39B}
		{3F05085B-CBE6-54A4-B04D-4ED546E5F2A2} = {827E0CD3-B72D-47B6-A68D-7590B98EB39B}
		{9EBA6927-53E0-445E-BC07-11ED4E6703F3} = {3F05085B-CBE6-54A4-B04D-4ED546E5F2A2}
		{1BF86ABB-EABF-4955-95C4-538CE91A2539} = {3F05085B-CBE6-54A4-B04D-4ED546E5F2A2}
		{F1A56FAD-4BDD-4F9A-9F75-D55E02F2703A} = {3F05085B-CBE6-54A4-B04D-4ED546E5F2A2}
		{6271D3D7-2F5F-48AB-BFB6-CC4A948DC055} = {3F05085B-CBE6-54A4-B04D-4ED546E5F2A2}
		{C9A6CD60-FB4B-4A32-8F31-63B6FB3B4837} = {827E0CD3-B72D-47B6-A68D-7590B98EB39B}
		{E01D8CD8-D05F-4809-A266-B1EB046CC523} = {C9A6CD60-FB4B-4A32-8F31-63B6FB3B4837}
		{1A022386-3B5E-4BDB-BB22-1ADF869E054B} = {C9A6CD60-FB4B-4A32-8F31-63B6FB3B4837}
		{0EE0122A-8F3D-4F8A-B9B1-A22766E7FF41} = {C9A6CD60-FB4B-4A32-8F31-63B6FB3B4837}
		{04455A7F-B78B-40E1-B9F4-2FF27306646C} = {C9A6CD60-FB4B-4A32-8F31-63B6FB3B4837}
	EndGlobalSection
EndGlobal
